
Microsoft Visual Studio Solution File, Format Version 12.00
# Visual Studio Version 17
VisualStudioVersion = 17.9.34701.34
MinimumVisualStudioVersion = 10.0.40219.1
Project("{9A19103F-16F7-4668-BE54-9A1E7A4F7556}") = "BlazorApp1", "BlazorApp1\BlazorApp1\BlazorApp1.csproj", "{5CE777B9-4510-4BBA-BAC7-E17F1C5FBD6F}"
EndProject
Project("{9A19103F-16F7-4668-BE54-9A1E7A4F7556}") = "BlazorApp1.Client", "BlazorApp1\BlazorApp1.Client\BlazorApp1.Client.csproj", "{50192D97-5ACC-42CB-8D59-AE79B44D2B8A}"
EndProject
Project("{FAE04EC0-301F-11D3-BF4B-00C04F79EFBC}") = "BlazorApp1.Core", "BlazorApp1.Core\BlazorApp1.Core.csproj", "{5C10C3FF-080D-41C6-B7A7-A084AA801482}"
EndProject
Project("{FAE04EC0-301F-11D3-BF4B-00C04F79EFBC}") = "BlazorApp1.Repository", "BlazorApp1.Repository\BlazorApp1.Repository.csproj", "{8F241442-B235-431B-B768-3342EF4DABCA}"
EndProject
Project("{FAE04EC0-301F-11D3-BF4B-00C04F79EFBC}") = "BlazorApp1.Services", "BlazorApp1.Services\BlazorApp1.Services.csproj", "{DD72DF4B-0158-4B82-919F-EA06FB3BBF0D}"
EndProject
Global
	GlobalSection(SolutionConfigurationPlatforms) = preSolution
		Debug|Any CPU = Debug|Any CPU
		Release|Any CPU = Release|Any CPU
	EndGlobalSection
	GlobalSection(ProjectConfigurationPlatforms) = postSolution
		{5CE777B9-4510-4BBA-BAC7-E17F1C5FBD6F}.Debug|Any CPU.ActiveCfg = Debug|Any CPU
		{5CE777B9-4510-4BBA-BAC7-E17F1C5FBD6F}.Debug|Any CPU.Build.0 = Debug|Any CPU
		{5CE777B9-4510-4BBA-BAC7-E17F1C5FBD6F}.Release|Any CPU.ActiveCfg = Release|Any CPU
		{5CE777B9-4510-4BBA-BAC7-E17F1C5FBD6F}.Release|Any CPU.Build.0 = Release|Any CPU
		{50192D97-5ACC-42CB-8D59-AE79B44D2B8A}.Debug|Any CPU.ActiveCfg = Debug|Any CPU
		{50192D97-5ACC-42CB-8D59-AE79B44D2B8A}.Debug|Any CPU.Build.0 = Debug|Any CPU
		{50192D97-5ACC-42CB-8D59-AE79B44D2B8A}.Release|Any CPU.ActiveCfg = Release|Any CPU
		{50192D97-5ACC-42CB-8D59-AE79B44D2B8A}.Release|Any CPU.Build.0 = Release|Any CPU
		{5C10C3FF-080D-41C6-B7A7-A084AA801482}.Debug|Any CPU.ActiveCfg = Debug|Any CPU
		{5C10C3FF-080D-41C6-B7A7-A084AA801482}.Debug|Any CPU.Build.0 = Debug|Any CPU
		{5C10C3FF-080D-41C6-B7A7-A084AA801482}.Release|Any CPU.ActiveCfg = Release|Any CPU
		{5C10C3FF-080D-41C6-B7A7-A084AA801482}.Release|Any CPU.Build.0 = Release|Any CPU
		{8F241442-B235-431B-B768-3342EF4DABCA}.Debug|Any CPU.ActiveCfg = Debug|Any CPU
		{8F241442-B235-431B-B768-3342EF4DABCA}.Debug|Any CPU.Build.0 = Debug|Any CPU
		{8F241442-B235-431B-B768-3342EF4DABCA}.Release|Any CPU.ActiveCfg = Release|Any CPU
		{8F241442-B235-431B-B768-3342EF4DABCA}.Release|Any CPU.Build.0 = Release|Any CPU
		{DD72DF4B-0158-4B82-919F-EA06FB3BBF0D}.Debug|Any CPU.ActiveCfg = Debug|Any CPU
		{DD72DF4B-0158-4B82-919F-EA06FB3BBF0D}.Debug|Any CPU.Build.0 = Debug|Any CPU
		{DD72DF4B-0158-4B82-919F-EA06FB3BBF0D}.Release|Any CPU.ActiveCfg = Release|Any CPU
		{DD72DF4B-0158-4B82-919F-EA06FB3BBF0D}.Release|Any CPU.Build.0 = Release|Any CPU
	EndGlobalSection
	GlobalSection(SolutionProperties) = preSolution
		HideSolutionNode = FALSE
	EndGlobalSection
	GlobalSection(ExtensibilityGlobals) = postSolution
		SolutionGuid = {5EABDFB0-452E-4B43-8C96-06EC341B97A4}
	EndGlobalSection
EndGlobal
